// !$*UTF8*$!
{
	archiveVersion = 1;
	classes = {
	};
	objectVersion = 50;
	objects = {

/* Begin PBXBuildFile section */
		098D30F0226D7176008C6D11 /* APLRSAUtils.m in Sources */ = {isa = PBXBuildFile; fileRef = 098D30EF226D7176008C6D11 /* APLRSAUtils.m */; };
		098D30FC226D720C008C6D11 /* NSTimer+APLBlock.m in Sources */ = {isa = PBXBuildFile; fileRef = 098D30FB226D720C008C6D11 /* NSTimer+APLBlock.m */; };
		098D3100226D738B008C6D11 /* APLMD5Utils.m in Sources */ = {isa = PBXBuildFile; fileRef = 098D30FF226D738A008C6D11 /* APLMD5Utils.m */; };
		2C3E8BDD226A196100A56F0A /* AppDelegate.m in Sources */ = {isa = PBXBuildFile; fileRef = 2C3E8BDC226A196100A56F0A /* AppDelegate.m */; };
		2C3E8BE5226A196300A56F0A /* Assets.xcassets in Resources */ = {isa = PBXBuildFile; fileRef = 2C3E8BE4226A196300A56F0A /* Assets.xcassets */; };
		2C3E8BE8226A196300A56F0A /* LaunchScreen.storyboard in Resources */ = {isa = PBXBuildFile; fileRef = 2C3E8BE6226A196300A56F0A /* LaunchScreen.storyboard */; };
		2C3E8BEB226A196300A56F0A /* main.m in Sources */ = {isa = PBXBuildFile; fileRef = 2C3E8BEA226A196300A56F0A /* main.m */; };
		2C3E8BF6226A1B4200A56F0A /* APLPromise.m in Sources */ = {isa = PBXBuildFile; fileRef = 2C3E8BF3226A1B4200A56F0A /* APLPromise.m */; };
		2C3E8BFA226A1B8100A56F0A /* APLTestUtils.m in Sources */ = {isa = PBXBuildFile; fileRef = 2C3E8BF9226A1B8100A56F0A /* APLTestUtils.m */; };
/* End PBXBuildFile section */

/* Begin PBXFileReference section */
		098D30DC226D60F3008C6D11 /* APLMacros.h */ = {isa = PBXFileReference; lastKnownFileType = sourcecode.c.h; path = APLMacros.h; sourceTree = "<group>"; };
		098D30EE226D7176008C6D11 /* APLRSAUtils.h */ = {isa = PBXFileReference; fileEncoding = 4; lastKnownFileType = sourcecode.c.h; path = APLRSAUtils.h; sourceTree = "<group>"; };
		098D30EF226D7176008C6D11 /* APLRSAUtils.m */ = {isa = PBXFileReference; fileEncoding = 4; lastKnownFileType = sourcecode.c.objc; path = APLRSAUtils.m; sourceTree = "<group>"; };
		098D30FA226D720C008C6D11 /* NSTimer+APLBlock.h */ = {isa = PBXFileReference; lastKnownFileType = sourcecode.c.h; path = "NSTimer+APLBlock.h"; sourceTree = "<group>"; };
		098D30FB226D720C008C6D11 /* NSTimer+APLBlock.m */ = {isa = PBXFileReference; lastKnownFileType = sourcecode.c.objc; path = "NSTimer+APLBlock.m"; sourceTree = "<group>"; };
		098D30FE226D738A008C6D11 /* APLMD5Utils.h */ = {isa = PBXFileReference; lastKnownFileType = sourcecode.c.h; path = APLMD5Utils.h; sourceTree = "<group>"; };
		098D30FF226D738A008C6D11 /* APLMD5Utils.m */ = {isa = PBXFileReference; lastKnownFileType = sourcecode.c.objc; path = APLMD5Utils.m; sourceTree = "<group>"; };
		2C3E8BD8226A196100A56F0A /* APLKit.app */ = {isa = PBXFileReference; explicitFileType = wrapper.application; includeInIndex = 0; path = APLKit.app; sourceTree = BUILT_PRODUCTS_DIR; };
		2C3E8BDB226A196100A56F0A /* AppDelegate.h */ = {isa = PBXFileReference; lastKnownFileType = sourcecode.c.h; path = AppDelegate.h; sourceTree = "<group>"; };
		2C3E8BDC226A196100A56F0A /* AppDelegate.m */ = {isa = PBXFileReference; lastKnownFileType = sourcecode.c.objc; path = AppDelegate.m; sourceTree = "<group>"; };
		2C3E8BE4226A196300A56F0A /* Assets.xcassets */ = {isa = PBXFileReference; lastKnownFileType = folder.assetcatalog; path = Assets.xcassets; sourceTree = "<group>"; };
		2C3E8BE7226A196300A56F0A /* Base */ = {isa = PBXFileReference; lastKnownFileType = file.storyboard; name = Base; path = Base.lproj/LaunchScreen.storyboard; sourceTree = "<group>"; };
		2C3E8BE9226A196300A56F0A /* Info.plist */ = {isa = PBXFileReference; lastKnownFileType = text.plist.xml; path = Info.plist; sourceTree = "<group>"; };
		2C3E8BEA226A196300A56F0A /* main.m */ = {isa = PBXFileReference; lastKnownFileType = sourcecode.c.objc; path = main.m; sourceTree = "<group>"; };
		2C3E8BF3226A1B4200A56F0A /* APLPromise.m */ = {isa = PBXFileReference; fileEncoding = 4; lastKnownFileType = sourcecode.c.objc; path = APLPromise.m; sourceTree = "<group>"; };
		2C3E8BF4226A1B4200A56F0A /* APLPromiseDefs.h */ = {isa = PBXFileReference; fileEncoding = 4; lastKnownFileType = sourcecode.c.h; path = APLPromiseDefs.h; sourceTree = "<group>"; };
		2C3E8BF5226A1B4200A56F0A /* APLPromise.h */ = {isa = PBXFileReference; fileEncoding = 4; lastKnownFileType = sourcecode.c.h; path = APLPromise.h; sourceTree = "<group>"; };
		2C3E8BF8226A1B8100A56F0A /* APLTestUtils.h */ = {isa = PBXFileReference; lastKnownFileType = sourcecode.c.h; path = APLTestUtils.h; sourceTree = "<group>"; };
		2C3E8BF9226A1B8100A56F0A /* APLTestUtils.m */ = {isa = PBXFileReference; lastKnownFileType = sourcecode.c.objc; path = APLTestUtils.m; sourceTree = "<group>"; };
/* End PBXFileReference section */

/* Begin PBXFrameworksBuildPhase section */
		2C3E8BD5226A196100A56F0A /* Frameworks */ = {
			isa = PBXFrameworksBuildPhase;
			buildActionMask = 2147483647;
			files = (
			);
			runOnlyForDeploymentPostprocessing = 0;
		};
/* End PBXFrameworksBuildPhase section */

/* Begin PBXGroup section */
		098D30DB226D60E9008C6D11 /* Macros */ = {
			isa = PBXGroup;
			children = (
				098D30DC226D60F3008C6D11 /* APLMacros.h */,
			);
			path = Macros;
			sourceTree = "<group>";
		};
		098D30EB226D7142008C6D11 /* Timer */ = {
			isa = PBXGroup;
			children = (
				098D30FA226D720C008C6D11 /* NSTimer+APLBlock.h */,
				098D30FB226D720C008C6D11 /* NSTimer+APLBlock.m */,
			);
			path = Timer;
			sourceTree = "<group>";
		};
		098D30ED226D7158008C6D11 /* RSA */ = {
			isa = PBXGroup;
			children = (
				098D30EE226D7176008C6D11 /* APLRSAUtils.h */,
				098D30EF226D7176008C6D11 /* APLRSAUtils.m */,
			);
			path = RSA;
			sourceTree = "<group>";
		};
		098D30FD226D7364008C6D11 /* MD5 */ = {
			isa = PBXGroup;
			children = (
				098D30FE226D738A008C6D11 /* APLMD5Utils.h */,
				098D30FF226D738A008C6D11 /* APLMD5Utils.m */,
			);
			path = MD5;
			sourceTree = "<group>";
		};
		2C3E8BCF226A196100A56F0A = {
			isa = PBXGroup;
			children = (
				2C3E8BDA226A196100A56F0A /* APLKit */,
				2C3E8BD9226A196100A56F0A /* Products */,
			);
			sourceTree = "<group>";
		};
		2C3E8BD9226A196100A56F0A /* Products */ = {
			isa = PBXGroup;
			children = (
				2C3E8BD8226A196100A56F0A /* APLKit.app */,
			);
			name = Products;
			sourceTree = "<group>";
		};
		2C3E8BDA226A196100A56F0A /* APLKit */ = {
			isa = PBXGroup;
			children = (
				2C3E8BF1226A1ABF00A56F0A /* src */,
				2C3E8BDB226A196100A56F0A /* AppDelegate.h */,
				2C3E8BDC226A196100A56F0A /* AppDelegate.m */,
				2C3E8BF8226A1B8100A56F0A /* APLTestUtils.h */,
				2C3E8BF9226A1B8100A56F0A /* APLTestUtils.m */,
				2C3E8BE4226A196300A56F0A /* Assets.xcassets */,
				2C3E8BE6226A196300A56F0A /* LaunchScreen.storyboard */,
				2C3E8BE9226A196300A56F0A /* Info.plist */,
				2C3E8BEA226A196300A56F0A /* main.m */,
			);
			path = APLKit;
			sourceTree = "<group>";
		};
		2C3E8BF1226A1ABF00A56F0A /* src */ = {
			isa = PBXGroup;
			children = (
				098D30DB226D60E9008C6D11 /* Macros */,
				098D30FD226D7364008C6D11 /* MD5 */,
				098D30ED226D7158008C6D11 /* RSA */,
				098D30EB226D7142008C6D11 /* Timer */,
				2C3E8BF2226A1B0C00A56F0A /* Promise */,
			);
			path = src;
			sourceTree = "<group>";
		};
		2C3E8BF2226A1B0C00A56F0A /* Promise */ = {
			isa = PBXGroup;
			children = (
				2C3E8BF5226A1B4200A56F0A /* APLPromise.h */,
				2C3E8BF3226A1B4200A56F0A /* APLPromise.m */,
				2C3E8BF4226A1B4200A56F0A /* APLPromiseDefs.h */,
			);
			path = Promise;
			sourceTree = "<group>";
		};
/* End PBXGroup section */

/* Begin PBXNativeTarget section */
		2C3E8BD7226A196100A56F0A /* APLKit */ = {
			isa = PBXNativeTarget;
			buildConfigurationList = 2C3E8BEE226A196300A56F0A /* Build configuration list for PBXNativeTarget "APLKit" */;
			buildPhases = (
				2C3E8BD4226A196100A56F0A /* Sources */,
				2C3E8BD5226A196100A56F0A /* Frameworks */,
				2C3E8BD6226A196100A56F0A /* Resources */,
			);
			buildRules = (
			);
			dependencies = (
			);
			name = APLKit;
			productName = APLKit;
			productReference = 2C3E8BD8226A196100A56F0A /* APLKit.app */;
			productType = "com.apple.product-type.application";
		};
/* End PBXNativeTarget section */

/* Begin PBXProject section */
		2C3E8BD0226A196100A56F0A /* Project object */ = {
			isa = PBXProject;
			attributes = {
				LastUpgradeCheck = 1000;
				ORGANIZATIONNAME = AiJia;
				TargetAttributes = {
					2C3E8BD7226A196100A56F0A = {
						CreatedOnToolsVersion = 10.0;
					};
				};
			};
			buildConfigurationList = 2C3E8BD3226A196100A56F0A /* Build configuration list for PBXProject "APLKit" */;
			compatibilityVersion = "Xcode 9.3";
			developmentRegion = en;
			hasScannedForEncodings = 0;
			knownRegions = (
				en,
				Base,
			);
			mainGroup = 2C3E8BCF226A196100A56F0A;
			productRefGroup = 2C3E8BD9226A196100A56F0A /* Products */;
			projectDirPath = "";
			projectRoot = "";
			targets = (
				2C3E8BD7226A196100A56F0A /* APLKit */,
			);
		};
/* End PBXProject section */

/* Begin PBXResourcesBuildPhase section */
		2C3E8BD6226A196100A56F0A /* Resources */ = {
			isa = PBXResourcesBuildPhase;
			buildActionMask = 2147483647;
			files = (
				2C3E8BE8226A196300A56F0A /* LaunchScreen.storyboard in Resources */,
				2C3E8BE5226A196300A56F0A /* Assets.xcassets in Resources */,
			);
			runOnlyForDeploymentPostprocessing = 0;
		};
/* End PBXResourcesBuildPhase section */

/* Begin PBXSourcesBuildPhase section */
		2C3E8BD4226A196100A56F0A /* Sources */ = {
			isa = PBXSourcesBuildPhase;
			buildActionMask = 2147483647;
			files = (
				2C3E8BEB226A196300A56F0A /* main.m in Sources */,
				2C3E8BDD226A196100A56F0A /* AppDelegate.m in Sources */,
				098D30FC226D720C008C6D11 /* NSTimer+APLBlock.m in Sources */,
				2C3E8BF6226A1B4200A56F0A /* APLPromise.m in Sources */,
				098D3100226D738B008C6D11 /* APLMD5Utils.m in Sources */,
				2C3E8BFA226A1B8100A56F0A /* APLTestUtils.m in Sources */,
				098D30F0226D7176008C6D11 /* APLRSAUtils.m in Sources */,
			);
			runOnlyForDeploymentPostprocessing = 0;
		};
/* End PBXSourcesBuildPhase section */

/* Begin PBXVariantGroup section */
		2C3E8BE6226A196300A56F0A /* LaunchScreen.storyboard */ = {
			isa = PBXVariantGroup;
			children = (
				2C3E8BE7226A196300A56F0A /* Base */,
			);
			name = LaunchScreen.storyboard;
			sourceTree = "<group>";
		};
/* End PBXVariantGroup section */

/* Begin XCBuildConfiguration section */
		2C3E8BEC226A196300A56F0A /* Debug */ = {
			isa = XCBuildConfiguration;
			buildSettings = {
				ALWAYS_SEARCH_USER_PATHS = NO;
				CLANG_ANALYZER_NONNULL = YES;
				CLANG_ANALYZER_NUMBER_OBJECT_CONVERSION = YES_AGGRESSIVE;
				CLANG_CXX_LANGUAGE_STANDARD = "gnu++14";
				CLANG_CXX_LIBRARY = "libc++";
				CLANG_ENABLE_MODULES = YES;
				CLANG_ENABLE_OBJC_ARC = YES;
				CLANG_ENABLE_OBJC_WEAK = YES;
				CLANG_WARN_BLOCK_CAPTURE_AUTORELEASING = YES;
				CLANG_WARN_BOOL_CONVERSION = YES;
				CLANG_WARN_COMMA = YES;
				CLANG_WARN_CONSTANT_CONVERSION = YES;
				CLANG_WARN_DEPRECATED_OBJC_IMPLEMENTATIONS = YES;
				CLANG_WARN_DIRECT_OBJC_ISA_USAGE = YES_ERROR;
				CLANG_WARN_DOCUMENTATION_COMMENTS = YES;
				CLANG_WARN_EMPTY_BODY = YES;
				CLANG_WARN_ENUM_CONVERSION = YES;
				CLANG_WARN_INFINITE_RECURSION = YES;
				CLANG_WARN_INT_CONVERSION = YES;
				CLANG_WARN_NON_LITERAL_NULL_CONVERSION = YES;
				CLANG_WARN_OBJC_IMPLICIT_RETAIN_SELF = YES;
				CLANG_WARN_OBJC_LITERAL_CONVERSION = YES;
				CLANG_WARN_OBJC_ROOT_CLASS = YES_ERROR;
				CLANG_WARN_RANGE_LOOP_ANALYSIS = YES;
				CLANG_WARN_STRICT_PROTOTYPES = YES;
				CLANG_WARN_SUSPICIOUS_MOVE = YES;
				CLANG_WARN_UNGUARDED_AVAILABILITY = YES_AGGRESSIVE;
				CLANG_WARN_UNREACHABLE_CODE = YES;
				CLANG_WARN__DUPLICATE_METHOD_MATCH = YES;
				CODE_SIGN_IDENTITY = "iPhone Developer";
				COPY_PHASE_STRIP = NO;
				DEBUG_INFORMATION_FORMAT = dwarf;
				ENABLE_STRICT_OBJC_MSGSEND = YES;
				ENABLE_TESTABILITY = YES;
				GCC_C_LANGUAGE_STANDARD = gnu11;
				GCC_DYNAMIC_NO_PIC = NO;
				GCC_NO_COMMON_BLOCKS = YES;
				GCC_OPTIMIZATION_LEVEL = 0;
				GCC_PREPROCESSOR_DEFINITIONS = (
					"DEBUG=1",
					"$(inherited)",
				);
				GCC_WARN_64_TO_32_BIT_CONVERSION = YES;
				GCC_WARN_ABOUT_RETURN_TYPE = YES_ERROR;
				GCC_WARN_UNDECLARED_SELECTOR = YES;
				GCC_WARN_UNINITIALIZED_AUTOS = YES_AGGRESSIVE;
				GCC_WARN_UNUSED_FUNCTION = YES;
				GCC_WARN_UNUSED_VARIABLE = YES;
				IPHONEOS_DEPLOYMENT_TARGET = 12.0;
				MTL_ENABLE_DEBUG_INFO = INCLUDE_SOURCE;
				MTL_FAST_MATH = YES;
				ONLY_ACTIVE_ARCH = YES;
				SDKROOT = iphoneos;
			};
			name = Debug;
		};
		2C3E8BED226A196300A56F0A /* Release */ = {
			isa = XCBuildConfiguration;
			buildSettings = {
				ALWAYS_SEARCH_USER_PATHS = NO;
				CLANG_ANALYZER_NONNULL = YES;
				CLANG_ANALYZER_NUMBER_OBJECT_CONVERSION = YES_AGGRESSIVE;
				CLANG_CXX_LANGUAGE_STANDARD = "gnu++14";
				CLANG_CXX_LIBRARY = "libc++";
				CLANG_ENABLE_MODULES = YES;
				CLANG_ENABLE_OBJC_ARC = YES;
				CLANG_ENABLE_OBJC_WEAK = YES;
				CLANG_WARN_BLOCK_CAPTURE_AUTORELEASING = YES;
				CLANG_WARN_BOOL_CONVERSION = YES;
				CLANG_WARN_COMMA = YES;
				CLANG_WARN_CONSTANT_CONVERSION = YES;
				CLANG_WARN_DEPRECATED_OBJC_IMPLEMENTATIONS = YES;
				CLANG_WARN_DIRECT_OBJC_ISA_USAGE = YES_ERROR;
				CLANG_WARN_DOCUMENTATION_COMMENTS = YES;
				CLANG_WARN_EMPTY_BODY = YES;
				CLANG_WARN_ENUM_CONVERSION = YES;
				CLANG_WARN_INFINITE_RECURSION = YES;
				CLANG_WARN_INT_CONVERSION = YES;
				CLANG_WARN_NON_LITERAL_NULL_CONVERSION = YES;
				CLANG_WARN_OBJC_IMPLICIT_RETAIN_SELF = YES;
				CLANG_WARN_OBJC_LITERAL_CONVERSION = YES;
				CLANG_WARN_OBJC_ROOT_CLASS = YES_ERROR;
				CLANG_WARN_RANGE_LOOP_ANALYSIS = YES;
				CLANG_WARN_STRICT_PROTOTYPES = YES;
				CLANG_WARN_SUSPICIOUS_MOVE = YES;
				CLANG_WARN_UNGUARDED_AVAILABILITY = YES_AGGRESSIVE;
				CLANG_WARN_UNREACHABLE_CODE = YES;
				CLANG_WARN__DUPLICATE_METHOD_MATCH = YES;
				CODE_SIGN_IDENTITY = "iPhone Developer";
				COPY_PHASE_STRIP = NO;
				DEBUG_INFORMATION_FORMAT = "dwarf-with-dsym";
				ENABLE_NS_ASSERTIONS = NO;
				ENABLE_STRICT_OBJC_MSGSEND = YES;
				GCC_C_LANGUAGE_STANDARD = gnu11;
				GCC_NO_COMMON_BLOCKS = YES;
				GCC_WARN_64_TO_32_BIT_CONVERSION = YES;
				GCC_WARN_ABOUT_RETURN_TYPE = YES_ERROR;
				GCC_WARN_UNDECLARED_SELECTOR = YES;
				GCC_WARN_UNINITIALIZED_AUTOS = YES_AGGRESSIVE;
				GCC_WARN_UNUSED_FUNCTION = YES;
				GCC_WARN_UNUSED_VARIABLE = YES;
				IPHONEOS_DEPLOYMENT_TARGET = 12.0;
				MTL_ENABLE_DEBUG_INFO = NO;
				MTL_FAST_MATH = YES;
				SDKROOT = iphoneos;
				VALIDATE_PRODUCT = YES;
			};
			name = Release;
		};
		2C3E8BEF226A196300A56F0A /* Debug */ = {
			isa = XCBuildConfiguration;
			buildSettings = {
				ASSETCATALOG_COMPILER_APPICON_NAME = AppIcon;
				CODE_SIGN_STYLE = Automatic;
				DEVELOPMENT_TEAM = G4BXERJUH5;
				INFOPLIST_FILE = APLKit/Info.plist;
				LD_RUNPATH_SEARCH_PATHS = (
					"$(inherited)",
					"@executable_path/Frameworks",
				);
				PRODUCT_BUNDLE_IDENTIFIER = com.applepeel.APLKit;
				PRODUCT_NAME = "$(TARGET_NAME)";
				TARGETED_DEVICE_FAMILY = "1,2";
			};
			name = Debug;
		};
		2C3E8BF0226A196300A56F0A /* Release */ = {
			isa = XCBuildConfiguration;
			buildSettings = {
				ASSETCATALOG_COMPILER_APPICON_NAME = AppIcon;
				CODE_SIGN_STYLE = Automatic;
				DEVELOPMENT_TEAM = G4BXERJUH5;
				INFOPLIST_FILE = APLKit/Info.plist;
				LD_RUNPATH_SEARCH_PATHS = (
					"$(inherited)",
					"@executable_path/Frameworks",
				);
				PRODUCT_BUNDLE_IDENTIFIER = com.applepeel.APLKit;
				PRODUCT_NAME = "$(TARGET_NAME)";
				TARGETED_DEVICE_FAMILY = "1,2";
			};
			name = Release;
		};
/* End XCBuildConfiguration section */

/* Begin XCConfigurationList section */
		2C3E8BD3226A196100A56F0A /* Build configuration list for PBXProject "APLKit" */ = {
			isa = XCConfigurationList;
			buildConfigurations = (
				2C3E8BEC226A196300A56F0A /* Debug */,
				2C3E8BED226A196300A56F0A /* Release */,
			);
			defaultConfigurationIsVisible = 0;
			defaultConfigurationName = Release;
		};
		2C3E8BEE226A196300A56F0A /* Build configuration list for PBXNativeTarget "APLKit" */ = {
			isa = XCConfigurationList;
			buildConfigurations = (
				2C3E8BEF226A196300A56F0A /* Debug */,
				2C3E8BF0226A196300A56F0A /* Release */,
			);
			defaultConfigurationIsVisible = 0;
			defaultConfigurationName = Release;
		};
/* End XCConfigurationList section */
	};
	rootObject = 2C3E8BD0226A196100A56F0A /* Project object */;
}
